
Microsoft Visual Studio Solution File, Format Version 9.00
# Visual C++ Express 2005
Project("{8BC9CEB8-8B4A-11D0-8D11-00A0C91BC942}") = "canserver", "can_server_vector.vcproj", "{B78E1032-1BB1-4B9D-9CB4-F457E31E95E3}"
EndProject
Global
	GlobalSection(SolutionConfigurationPlatforms) = preSolution
		Debug|Win32 = Debug|Win32
		Release|Win32 = Release|Win32
	EndGlobalSection
	GlobalSection(ProjectConfigurationPlatforms) = postSolution
		{B78E1032-1BB1-4B9D-9CB4-F457E31E95E3}.Debug|Win32.ActiveCfg = Debug|Win32
		{B78E1032-1BB1-4B9D-9CB4-F457E31E95E3}.Debug|Win32.Build.0 = Debug|Win32
		{B78E1032-1BB1-4B9D-9CB4-F457E31E95E3}.Release|Win32.ActiveCfg = Release|Win32
		{B78E1032-1BB1-4B9D-9CB4-F457E31E95E3}.Release|Win32.Build.0 = Release|Win32
	EndGlobalSection
	GlobalSection(SolutionProperties) = preSolution
		HideSolutionNode = FALSE
	EndGlobalSection
EndGlobal
