Microsoft Visual Studio Solution File, Format Version 9.00
# Visual Studio 2005
Project("{8BC9CEB8-8B4A-11D0-8D11-00A0C91BC942}") = "3_0_VirtualTerminalIso", "3_0_VirtualTerminalIso.vcproj", "{357F675C-3021-4369-A59E-C40D403BDF03}"
EndProject
Global
	GlobalSection(SolutionConfigurationPlatforms) = preSolution
		Debug|Win32 = Debug|Win32
		Release|Win32 = Release|Win32
	EndGlobalSection
	GlobalSection(ProjectConfigurationPlatforms) = postSolution
		{357F675C-3021-4369-A59E-C40D403BDF03}.Debug|Win32.ActiveCfg = Debug|Win32
		{357F675C-3021-4369-A59E-C40D403BDF03}.Debug|Win32.Build.0 = Debug|Win32
		{357F675C-3021-4369-A59E-C40D403BDF03}.Release|Win32.ActiveCfg = Release|Win32
		{357F675C-3021-4369-A59E-C40D403BDF03}.Release|Win32.Build.0 = Release|Win32
	EndGlobalSection
	GlobalSection(SolutionProperties) = preSolution
		HideSolutionNode = FALSE
	EndGlobalSection
EndGlobal
